// !$*UTF8*$!
{
	archiveVersion = 1;
	classes = {
	};
	objectVersion = 46;
	objects = {

/* Begin PBXBuildFile section */
		CEEB203F1A3B9BA7009CED99 /* AppDelegate.swift in Sources */ = {isa = PBXBuildFile; fileRef = CEEB203E1A3B9BA7009CED99 /* AppDelegate.swift */; };
		CEEB20411A3B9BA7009CED99 /* ViewController.swift in Sources */ = {isa = PBXBuildFile; fileRef = CEEB20401A3B9BA7009CED99 /* ViewController.swift */; };
		CEEB20441A3B9BA7009CED99 /* Main.storyboard in Resources */ = {isa = PBXBuildFile; fileRef = CEEB20421A3B9BA7009CED99 /* Main.storyboard */; };
		CEEB20461A3B9BA7009CED99 /* Images.xcassets in Resources */ = {isa = PBXBuildFile; fileRef = CEEB20451A3B9BA7009CED99 /* Images.xcassets */; };
		CEEB20491A3B9BA7009CED99 /* LaunchScreen.xib in Resources */ = {isa = PBXBuildFile; fileRef = CEEB20471A3B9BA7009CED99 /* LaunchScreen.xib */; };
		CEEB20551A3B9BA7009CED99 /* PostcardTests.swift in Sources */ = {isa = PBXBuildFile; fileRef = CEEB20541A3B9BA7009CED99 /* PostcardTests.swift */; };
/* End PBXBuildFile section */

/* Begin PBXContainerItemProxy section */
		CEEB204F1A3B9BA7009CED99 /* PBXContainerItemProxy */ = {
			isa = PBXContainerItemProxy;
			containerPortal = CEEB20311A3B9BA7009CED99 /* Project object */;
			proxyType = 1;
			remoteGlobalIDString = CEEB20381A3B9BA7009CED99;
			remoteInfo = Postcard;
		};
/* End PBXContainerItemProxy section */

/* Begin PBXFileReference section */
		CEEB20391A3B9BA7009CED99 /* Postcard.app */ = {isa = PBXFileReference; explicitFileType = wrapper.application; includeInIndex = 0; path = Postcard.app; sourceTree = BUILT_PRODUCTS_DIR; };
		CEEB203D1A3B9BA7009CED99 /* Info.plist */ = {isa = PBXFileReference; lastKnownFileType = text.plist.xml; path = Info.plist; sourceTree = "<group>"; };
		CEEB203E1A3B9BA7009CED99 /* AppDelegate.swift */ = {isa = PBXFileReference; lastKnownFileType = sourcecode.swift; path = AppDelegate.swift; sourceTree = "<group>"; };
		CEEB20401A3B9BA7009CED99 /* ViewController.swift */ = {isa = PBXFileReference; lastKnownFileType = sourcecode.swift; path = ViewController.swift; sourceTree = "<group>"; };
		CEEB20431A3B9BA7009CED99 /* Base */ = {isa = PBXFileReference; lastKnownFileType = file.storyboard; name = Base; path = Base.lproj/Main.storyboard; sourceTree = "<group>"; };
		CEEB20451A3B9BA7009CED99 /* Images.xcassets */ = {isa = PBXFileReference; lastKnownFileType = folder.assetcatalog; path = Images.xcassets; sourceTree = "<group>"; };
		CEEB20481A3B9BA7009CED99 /* Base */ = {isa = PBXFileReference; lastKnownFileType = file.xib; name = Base; path = Base.lproj/LaunchScreen.xib; sourceTree = "<group>"; };
		CEEB204E1A3B9BA7009CED99 /* PostcardTests.xctest */ = {isa = PBXFileReference; explicitFileType = wrapper.cfbundle; includeInIndex = 0; path = PostcardTests.xctest; sourceTree = BUILT_PRODUCTS_DIR; };
		CEEB20531A3B9BA7009CED99 /* Info.plist */ = {isa = PBXFileReference; lastKnownFileType = text.plist.xml; path = Info.plist; sourceTree = "<group>"; };
		CEEB20541A3B9BA7009CED99 /* PostcardTests.swift */ = {isa = PBXFileReference; lastKnownFileType = sourcecode.swift; path = PostcardTests.swift; sourceTree = "<group>"; };
/* End PBXFileReference section */

/* Begin PBXFrameworksBuildPhase section */
		CEEB20361A3B9BA7009CED99 /* Frameworks */ = {
			isa = PBXFrameworksBuildPhase;
			buildActionMask = 2147483647;
			files = (
			);
			runOnlyForDeploymentPostprocessing = 0;
		};
		CEEB204B1A3B9BA7009CED99 /* Frameworks */ = {
			isa = PBXFrameworksBuildPhase;
			buildActionMask = 2147483647;
			files = (
			);
			runOnlyForDeploymentPostprocessing = 0;
		};
/* End PBXFrameworksBuildPhase section */

/* Begin PBXGroup section */
		CEEB20301A3B9BA7009CED99 = {
			isa = PBXGroup;
			children = (
				CEEB203B1A3B9BA7009CED99 /* Postcard */,
				CEEB20511A3B9BA7009CED99 /* PostcardTests */,
				CEEB203A1A3B9BA7009CED99 /* Products */,
			);
			sourceTree = "<group>";
		};
		CEEB203A1A3B9BA7009CED99 /* Products */ = {
			isa = PBXGroup;
			children = (
				CEEB20391A3B9BA7009CED99 /* Postcard.app */,
				CEEB204E1A3B9BA7009CED99 /* PostcardTests.xctest */,
			);
			name = Products;
			sourceTree = "<group>";
		};
		CEEB203B1A3B9BA7009CED99 /* Postcard */ = {
			isa = PBXGroup;
			children = (
				CEEB203E1A3B9BA7009CED99 /* AppDelegate.swift */,
				CEEB20401A3B9BA7009CED99 /* ViewController.swift */,
				CEEB20421A3B9BA7009CED99 /* Main.storyboard */,
				CEEB20451A3B9BA7009CED99 /* Images.xcassets */,
				CEEB20471A3B9BA7009CED99 /* LaunchScreen.xib */,
				CEEB203C1A3B9BA7009CED99 /* Supporting Files */,
			);
			path = Postcard;
			sourceTree = "<group>";
		};
		CEEB203C1A3B9BA7009CED99 /* Supporting Files */ = {
			isa = PBXGroup;
			children = (
				CEEB203D1A3B9BA7009CED99 /* Info.plist */,
			);
			name = "Supporting Files";
			sourceTree = "<group>";
		};
		CEEB20511A3B9BA7009CED99 /* PostcardTests */ = {
			isa = PBXGroup;
			children = (
				CEEB20541A3B9BA7009CED99 /* PostcardTests.swift */,
				CEEB20521A3B9BA7009CED99 /* Supporting Files */,
			);
			path = PostcardTests;
			sourceTree = "<group>";
		};
		CEEB20521A3B9BA7009CED99 /* Supporting Files */ = {
			isa = PBXGroup;
			children = (
				CEEB20531A3B9BA7009CED99 /* Info.plist */,
			);
			name = "Supporting Files";
			sourceTree = "<group>";
		};
/* End PBXGroup section */

/* Begin PBXNativeTarget section */
		CEEB20381A3B9BA7009CED99 /* Postcard */ = {
			isa = PBXNativeTarget;
			buildConfigurationList = CEEB20581A3B9BA7009CED99 /* Build configuration list for PBXNativeTarget "Postcard" */;
			buildPhases = (
				CEEB20351A3B9BA7009CED99 /* Sources */,
				CEEB20361A3B9BA7009CED99 /* Frameworks */,
				CEEB20371A3B9BA7009CED99 /* Resources */,
			);
			buildRules = (
			);
			dependencies = (
			);
			name = Postcard;
			productName = Postcard;
			productReference = CEEB20391A3B9BA7009CED99 /* Postcard.app */;
			productType = "com.apple.product-type.application";
		};
		CEEB204D1A3B9BA7009CED99 /* PostcardTests */ = {
			isa = PBXNativeTarget;
			buildConfigurationList = CEEB205B1A3B9BA7009CED99 /* Build configuration list for PBXNativeTarget "PostcardTests" */;
			buildPhases = (
				CEEB204A1A3B9BA7009CED99 /* Sources */,
				CEEB204B1A3B9BA7009CED99 /* Frameworks */,
				CEEB204C1A3B9BA7009CED99 /* Resources */,
			);
			buildRules = (
			);
			dependencies = (
				CEEB20501A3B9BA7009CED99 /* PBXTargetDependency */,
			);
			name = PostcardTests;
			productName = PostcardTests;
			productReference = CEEB204E1A3B9BA7009CED99 /* PostcardTests.xctest */;
			productType = "com.apple.product-type.bundle.unit-test";
		};
/* End PBXNativeTarget section */

/* Begin PBXProject section */
		CEEB20311A3B9BA7009CED99 /* Project object */ = {
			isa = PBXProject;
			attributes = {
				LastUpgradeCheck = 0610;
				ORGANIZATIONNAME = "Josh Bontrager";
				TargetAttributes = {
					CEEB20381A3B9BA7009CED99 = {
						CreatedOnToolsVersion = 6.1.1;
					};
					CEEB204D1A3B9BA7009CED99 = {
						CreatedOnToolsVersion = 6.1.1;
						TestTargetID = CEEB20381A3B9BA7009CED99;
					};
				};
			};
			buildConfigurationList = CEEB20341A3B9BA7009CED99 /* Build configuration list for PBXProject "Postcard" */;
			compatibilityVersion = "Xcode 3.2";
			developmentRegion = English;
			hasScannedForEncodings = 0;
			knownRegions = (
				en,
				Base,
			);
			mainGroup = CEEB20301A3B9BA7009CED99;
			productRefGroup = CEEB203A1A3B9BA7009CED99 /* Products */;
			projectDirPath = "";
			projectRoot = "";
			targets = (
				CEEB20381A3B9BA7009CED99 /* Postcard */,
				CEEB204D1A3B9BA7009CED99 /* PostcardTests */,
			);
		};
/* End PBXProject section */

/* Begin PBXResourcesBuildPhase section */
		CEEB20371A3B9BA7009CED99 /* Resources */ = {
			isa = PBXResourcesBuildPhase;
			buildActionMask = 2147483647;
			files = (
				CEEB20441A3B9BA7009CED99 /* Main.storyboard in Resources */,
				CEEB20491A3B9BA7009CED99 /* LaunchScreen.xib in Resources */,
				CEEB20461A3B9BA7009CED99 /* Images.xcassets in Resources */,
			);
			runOnlyForDeploymentPostprocessing = 0;
		};
		CEEB204C1A3B9BA7009CED99 /* Resources */ = {
			isa = PBXResourcesBuildPhase;
			buildActionMask = 2147483647;
			files = (
			);
			runOnlyForDeploymentPostprocessing = 0;
		};
/* End PBXResourcesBuildPhase section */

/* Begin PBXSourcesBuildPhase section */
		CEEB20351A3B9BA7009CED99 /* Sources */ = {
			isa = PBXSourcesBuildPhase;
			buildActionMask = 2147483647;
			files = (
				CEEB20411A3B9BA7009CED99 /* ViewController.swift in Sources */,
				CEEB203F1A3B9BA7009CED99 /* AppDelegate.swift in Sources */,
			);
			runOnlyForDeploymentPostprocessing = 0;
		};
		CEEB204A1A3B9BA7009CED99 /* Sources */ = {
			isa = PBXSourcesBuildPhase;
			buildActionMask = 2147483647;
			files = (
				CEEB20551A3B9BA7009CED99 /* PostcardTests.swift in Sources */,
			);
			runOnlyForDeploymentPostprocessing = 0;
		};
/* End PBXSourcesBuildPhase section */

/* Begin PBXTargetDependency section */
		CEEB20501A3B9BA7009CED99 /* PBXTargetDependency */ = {
			isa = PBXTargetDependency;
			target = CEEB20381A3B9BA7009CED99 /* Postcard */;
			targetProxy = CEEB204F1A3B9BA7009CED99 /* PBXContainerItemProxy */;
		};
/* End PBXTargetDependency section */

/* Begin PBXVariantGroup section */
		CEEB20421A3B9BA7009CED99 /* Main.storyboard */ = {
			isa = PBXVariantGroup;
			children = (
				CEEB20431A3B9BA7009CED99 /* Base */,
			);
			name = Main.storyboard;
			sourceTree = "<group>";
		};
		CEEB20471A3B9BA7009CED99 /* LaunchScreen.xib */ = {
			isa = PBXVariantGroup;
			children = (
				CEEB20481A3B9BA7009CED99 /* Base */,
			);
			name = LaunchScreen.xib;
			sourceTree = "<group>";
		};
/* End PBXVariantGroup section */

/* Begin XCBuildConfiguration section */
		CEEB20561A3B9BA7009CED99 /* Debug */ = {
			isa = XCBuildConfiguration;
			buildSettings = {
				ALWAYS_SEARCH_USER_PATHS = NO;
				CLANG_CXX_LANGUAGE_STANDARD = "gnu++0x";
				CLANG_CXX_LIBRARY = "libc++";
				CLANG_ENABLE_MODULES = YES;
				CLANG_ENABLE_OBJC_ARC = YES;
				CLANG_WARN_BOOL_CONVERSION = YES;
				CLANG_WARN_CONSTANT_CONVERSION = YES;
				CLANG_WARN_DIRECT_OBJC_ISA_USAGE = YES_ERROR;
				CLANG_WARN_EMPTY_BODY = YES;
				CLANG_WARN_ENUM_CONVERSION = YES;
				CLANG_WARN_INT_CONVERSION = YES;
				CLANG_WARN_OBJC_ROOT_CLASS = YES_ERROR;
				CLANG_WARN_UNREACHABLE_CODE = YES;
				CLANG_WARN__DUPLICATE_METHOD_MATCH = YES;
				"CODE_SIGN_IDENTITY[sdk=iphoneos*]" = "iPhone Developer";
				COPY_PHASE_STRIP = NO;
				ENABLE_STRICT_OBJC_MSGSEND = YES;
				GCC_C_LANGUAGE_STANDARD = gnu99;
				GCC_DYNAMIC_NO_PIC = NO;
				GCC_OPTIMIZATION_LEVEL = 0;
				GCC_PREPROCESSOR_DEFINITIONS = (
					"DEBUG=1",
					"$(inherited)",
				);
				GCC_SYMBOLS_PRIVATE_EXTERN = NO;
				GCC_WARN_64_TO_32_BIT_CONVERSION = YES;
				GCC_WARN_ABOUT_RETURN_TYPE = YES_ERROR;
				GCC_WARN_UNDECLARED_SELECTOR = YES;
				GCC_WARN_UNINITIALIZED_AUTOS = YES_AGGRESSIVE;
				GCC_WARN_UNUSED_FUNCTION = YES;
				GCC_WARN_UNUSED_VARIABLE = YES;
				IPHONEOS_DEPLOYMENT_TARGET = 8.1;
				MTL_ENABLE_DEBUG_INFO = YES;
				ONLY_ACTIVE_ARCH = YES;
				SDKROOT = iphoneos;
				SWIFT_OPTIMIZATION_LEVEL = "-Onone";
				TARGETED_DEVICE_FAMILY = "1,2";
			};
			name = Debug;
		};
		CEEB20571A3B9BA7009CED99 /* Release */ = {
			isa = XCBuildConfiguration;
			buildSettings = {
				ALWAYS_SEARCH_USER_PATHS = NO;
				CLANG_CXX_LANGUAGE_STANDARD = "gnu++0x";
				CLANG_CXX_LIBRARY = "libc++";
				CLANG_ENABLE_MODULES = YES;
				CLANG_ENABLE_OBJC_ARC = YES;
				CLANG_WARN_BOOL_CONVERSION = YES;
				CLANG_WARN_CONSTANT_CONVERSION = YES;
				CLANG_WARN_DIRECT_OBJC_ISA_USAGE = YES_ERROR;
				CLANG_WARN_EMPTY_BODY = YES;
				CLANG_WARN_ENUM_CONVERSION = YES;
				CLANG_WARN_INT_CONVERSION = YES;
				CLANG_WARN_OBJC_ROOT_CLASS = YES_ERROR;
				CLANG_WARN_UNREACHABLE_CODE = YES;
				CLANG_WARN__DUPLICATE_METHOD_MATCH = YES;
				"CODE_SIGN_IDENTITY[sdk=iphoneos*]" = "iPhone Developer";
				COPY_PHASE_STRIP = YES;
				ENABLE_NS_ASSERTIONS = NO;
				ENABLE_STRICT_OBJC_MSGSEND = YES;
				GCC_C_LANGUAGE_STANDARD = gnu99;
				GCC_WARN_64_TO_32_BIT_CONVERSION = YES;
				GCC_WARN_ABOUT_RETURN_TYPE = YES_ERROR;
				GCC_WARN_UNDECLARED_SELECTOR = YES;
				GCC_WARN_UNINITIALIZED_AUTOS = YES_AGGRESSIVE;
				GCC_WARN_UNUSED_FUNCTION = YES;
				GCC_WARN_UNUSED_VARIABLE = YES;
				IPHONEOS_DEPLOYMENT_TARGET = 8.1;
				MTL_ENABLE_DEBUG_INFO = NO;
				SDKROOT = iphoneos;
				TARGETED_DEVICE_FAMILY = "1,2";
				VALIDATE_PRODUCT = YES;
			};
			name = Release;
		};
		CEEB20591A3B9BA7009CED99 /* Debug */ = {
			isa = XCBuildConfiguration;
			buildSettings = {
				ASSETCATALOG_COMPILER_APPICON_NAME = AppIcon;
				INFOPLIST_FILE = Postcard/Info.plist;
				LD_RUNPATH_SEARCH_PATHS = "$(inherited) @executable_path/Frameworks";
				PRODUCT_NAME = "$(TARGET_NAME)";
			};
			name = Debug;
		};
		CEEB205A1A3B9BA7009CED99 /* Release */ = {
			isa = XCBuildConfiguration;
			buildSettings = {
				ASSETCATALOG_COMPILER_APPICON_NAME = AppIcon;
				INFOPLIST_FILE = Postcard/Info.plist;
				LD_RUNPATH_SEARCH_PATHS = "$(inherited) @executable_path/Frameworks";
				PRODUCT_NAME = "$(TARGET_NAME)";
			};
			name = Release;
		};
		CEEB205C1A3B9BA7009CED99 /* Debug */ = {
			isa = XCBuildConfiguration;
			buildSettings = {
				BUNDLE_LOADER = "$(TEST_HOST)";
				FRAMEWORK_SEARCH_PATHS = (
					"$(SDKROOT)/Developer/Library/Frameworks",
					"$(inherited)",
				);
				GCC_PREPROCESSOR_DEFINITIONS = (
					"DEBUG=1",
					"$(inherited)",
				);
				INFOPLIST_FILE = PostcardTests/Info.plist;
				LD_RUNPATH_SEARCH_PATHS = "$(inherited) @executable_path/Frameworks @loader_path/Frameworks";
				PRODUCT_NAME = "$(TARGET_NAME)";
				TEST_HOST = "$(BUILT_PRODUCTS_DIR)/Postcard.app/Postcard";
			};
			name = Debug;
		};
		CEEB205D1A3B9BA7009CED99 /* Release */ = {
			isa = XCBuildConfiguration;
			buildSettings = {
				BUNDLE_LOADER = "$(TEST_HOST)";
				FRAMEWORK_SEARCH_PATHS = (
					"$(SDKROOT)/Developer/Library/Frameworks",
					"$(inherited)",
				);
				INFOPLIST_FILE = PostcardTests/Info.plist;
				LD_RUNPATH_SEARCH_PATHS = "$(inherited) @executable_path/Frameworks @loader_path/Frameworks";
				PRODUCT_NAME = "$(TARGET_NAME)";
				TEST_HOST = "$(BUILT_PRODUCTS_DIR)/Postcard.app/Postcard";
			};
			name = Release;
		};
/* End XCBuildConfiguration section */

/* Begin XCConfigurationList section */
		CEEB20341A3B9BA7009CED99 /* Build configuration list for PBXProject "Postcard" */ = {
			isa = XCConfigurationList;
			buildConfigurations = (
				CEEB20561A3B9BA7009CED99 /* Debug */,
				CEEB20571A3B9BA7009CED99 /* Release */,
			);
			defaultConfigurationIsVisible = 0;
			defaultConfigurationName = Release;
		};
		CEEB20581A3B9BA7009CED99 /* Build configuration list for PBXNativeTarget "Postcard" */ = {
			isa = XCConfigurationList;
			buildConfigurations = (
				CEEB20591A3B9BA7009CED99 /* Debug */,
				CEEB205A1A3B9BA7009CED99 /* Release */,
			);
			defaultConfigurationIsVisible = 0;
		};
		CEEB205B1A3B9BA7009CED99 /* Build configuration list for PBXNativeTarget "PostcardTests" */ = {
			isa = XCConfigurationList;
			buildConfigurations = (
				CEEB205C1A3B9BA7009CED99 /* Debug */,
				CEEB205D1A3B9BA7009CED99 /* Release */,
			);
			defaultConfigurationIsVisible = 0;
		};
/* End XCConfigurationList section */
	};
	rootObject = CEEB20311A3B9BA7009CED99 /* Project object */;
}
